
Microsoft Visual Studio Solution File, Format Version 12.00
# Visual Studio 15
Project("{FAE04EC0-301F-11D3-BF4B-00C04F79EFBC}") = "GemStone1", "Assembly-CSharp.csproj", "{74042EEE-450C-BB0C-0E79-8CBCBA95752C}"
EndProject
Project("{FAE04EC0-301F-11D3-BF4B-00C04F79EFBC}") = "GemStone1", "Assembly-CSharp-firstpass.csproj", "{08DA1C4A-585D-6DC3-F2C8-0AE87C1E9533}"
EndProject
Global
	GlobalSection(SolutionConfigurationPlatforms) = preSolution
		Debug|Any CPU = Debug|Any CPU
		Release|Any CPU = Release|Any CPU
	EndGlobalSection
	GlobalSection(ProjectConfigurationPlatforms) = postSolution
		{74042EEE-450C-BB0C-0E79-8CBCBA95752C}.Debug|Any CPU.ActiveCfg = Debug|Any CPU
		{74042EEE-450C-BB0C-0E79-8CBCBA95752C}.Debug|Any CPU.Build.0 = Debug|Any CPU
		{74042EEE-450C-BB0C-0E79-8CBCBA95752C}.Release|Any CPU.ActiveCfg = Release|Any CPU
		{74042EEE-450C-BB0C-0E79-8CBCBA95752C}.Release|Any CPU.Build.0 = Release|Any CPU
		{08DA1C4A-585D-6DC3-F2C8-0AE87C1E9533}.Debug|Any CPU.ActiveCfg = Debug|Any CPU
		{08DA1C4A-585D-6DC3-F2C8-0AE87C1E9533}.Debug|Any CPU.Build.0 = Debug|Any CPU
		{08DA1C4A-585D-6DC3-F2C8-0AE87C1E9533}.Release|Any CPU.ActiveCfg = Release|Any CPU
		{08DA1C4A-585D-6DC3-F2C8-0AE87C1E9533}.Release|Any CPU.Build.0 = Release|Any CPU
	EndGlobalSection
	GlobalSection(SolutionProperties) = preSolution
		HideSolutionNode = FALSE
	EndGlobalSection
EndGlobal
