Microsoft Visual Studio Solution File, Format Version 11.00
# Visual Studio 2008

Project("{56AD6448-9D43-EA9F-2410-22B526273A2F}") = "Ch2_Lesson1", "Assembly-CSharp.csproj", "{91AE88EF-612F-F460-9FBB-89A8AAA3DBDB}"
EndProject
Global
	GlobalSection(SolutionConfigurationPlatforms) = preSolution
		Debug|Any CPU = Debug|Any CPU
		Release|Any CPU = Release|Any CPU
	EndGlobalSection
	GlobalSection(ProjectConfigurationPlatforms) = postSolution
		{91AE88EF-612F-F460-9FBB-89A8AAA3DBDB}.Debug|Any CPU.ActiveCfg = Debug|Any CPU
		{91AE88EF-612F-F460-9FBB-89A8AAA3DBDB}.Debug|Any CPU.Build.0 = Debug|Any CPU
		{91AE88EF-612F-F460-9FBB-89A8AAA3DBDB}.Release|Any CPU.ActiveCfg = Release|Any CPU
		{91AE88EF-612F-F460-9FBB-89A8AAA3DBDB}.Release|Any CPU.Build.0 = Release|Any CPU
	EndGlobalSection
	GlobalSection(SolutionProperties) = preSolution
		HideSolutionNode = FALSE
	EndGlobalSection
	GlobalSection(MonoDevelopProperties) = preSolution
		StartupItem = Assembly-CSharp.csproj
	EndGlobalSection
EndGlobal
